{
  "nodes": {
    "cs4600": {
      "locked": {
        "lastModified": 1751833661,
        "narHash": "sha256-eRHaRKrTMvpGcIfMmnu8XgzxLQZVPlzCPl9m6my9fUc=",
        "ref": "refs/heads/master",
        "rev": "40c7d2ddfbe013980cdd65d853b0f522c4125f74",
        "revCount": 1,
        "type": "git",
        "url": "https://git.irlqt.net/crow/cs4600-website-flake"
      },
      "original": {
        "type": "git",
        "url": "https://git.irlqt.net/crow/cs4600-website-flake"
      }
    },
    "dino-game": {
      "locked": {
        "lastModified": 1751831326,
        "narHash": "sha256-Lm+zWClgrR0/hN4knXFglY9+tS6wIf4iBrAL9KeGDPA=",
        "ref": "refs/heads/master",
        "rev": "f0c2a62ac4c272181d5ec3a9c5231850405c66cb",
        "revCount": 1,
        "type": "git",
        "url": "https://git.irlqt.net/crow/dino-website-flake"
      },
      "original": {
        "type": "git",
        "url": "https://git.irlqt.net/crow/dino-website-flake"
      }
    },
    "flake-utils": {
      "inputs": {
        "systems": "systems"
      },
      "locked": {
        "lastModified": 1731533236,
        "narHash": "sha256-l0KFg5HjrsfsO/JpG+r7fRrqm12kzFHyUHqHCVpMMbI=",
        "owner": "numtide",
        "repo": "flake-utils",
        "rev": "11707dc2f618dd54ca8739b309ec4fc024de578b",
        "type": "github"
      },
      "original": {
        "owner": "numtide",
        "repo": "flake-utils",
        "type": "github"
      }
    },
    "flake-utils_2": {
      "inputs": {
        "systems": "systems_2"
      },
      "locked": {
        "lastModified": 1710146030,
        "narHash": "sha256-SZ5L6eA7HJ/nmkzGG7/ISclqe6oZdOZTNoesiInkXPQ=",
        "owner": "numtide",
        "repo": "flake-utils",
        "rev": "b1d9ab70662946ef0850d488da1c9019f3a9752a",
        "type": "github"
      },
      "original": {
        "owner": "numtide",
        "repo": "flake-utils",
        "type": "github"
      }
    },
    "flake-utils_3": {
      "inputs": {
        "systems": "systems_3"
      },
      "locked": {
        "lastModified": 1731533236,
        "narHash": "sha256-l0KFg5HjrsfsO/JpG+r7fRrqm12kzFHyUHqHCVpMMbI=",
        "owner": "numtide",
        "repo": "flake-utils",
        "rev": "11707dc2f618dd54ca8739b309ec4fc024de578b",
        "type": "github"
      },
      "original": {
        "owner": "numtide",
        "repo": "flake-utils",
        "type": "github"
      }
    },
    "game-of-life": {
      "inputs": {
        "flake-utils": "flake-utils_2",
        "nixpkgs": "nixpkgs",
        "rust-overlay": "rust-overlay"
      },
      "locked": {
        "lastModified": 1751834706,
        "narHash": "sha256-8BJodSXeF5tS/GVJ47Uuc3NQdortHMc3bmGJMUvPfgE=",
        "ref": "refs/heads/master",
        "rev": "7f58324e3b52c2c8d49dab010eff80b0f8a209db",
        "revCount": 1,
        "type": "git",
        "url": "https://git.irlqt.net/crow/gol-website-flake"
      },
      "original": {
        "type": "git",
        "url": "https://git.irlqt.net/crow/gol-website-flake"
      }
    },
    "homepage": {
      "locked": {
        "lastModified": 1752099698,
        "narHash": "sha256-JfyPDItT2svNvdw5qkYrEShhZbT8Y65iko75LA4jcjs=",
        "path": "/home/crow/dev/homepage-website-flake",
        "type": "path"
      },
      "original": {
        "path": "/home/crow/dev/homepage-website-flake",
        "type": "path"
      }
    },
    "http": {
      "inputs": {
        "nixpkgs": "nixpkgs_2",
        "rust": "rust",
        "utils": "utils"
      },
      "locked": {
        "lastModified": 1741290850,
        "narHash": "sha256-VloU2JvDrEjpBOAwI+FmXXWvVeB7oiuqWceavVI6PEo=",
        "ref": "refs/heads/master",
        "rev": "8a09210fb189ec8cc2e729b16a9c6c919bb79d63",
        "revCount": 39,
        "type": "git",
        "url": "https://git.irlqt.net/crow/http-status-codes-website"
      },
      "original": {
        "type": "git",
        "url": "https://git.irlqt.net/crow/http-status-codes-website"
      }
    },
    "moomin-orb": {
      "locked": {
        "lastModified": 1751834140,
        "narHash": "sha256-A0wzzSBnA5hhaO4N9i6X8D7FUVtWM4SbVqPSkPxQuAE=",
        "ref": "refs/heads/master",
        "rev": "41c8e1e170b30e77e56cf7051735ed1a4e439e4a",
        "revCount": 1,
        "type": "git",
        "url": "https://git.irlqt.net/crow/moomin-orb-website-flake"
      },
      "original": {
        "type": "git",
        "url": "https://git.irlqt.net/crow/moomin-orb-website-flake"
      }
    },
    "nixpkgs": {
      "locked": {
        "lastModified": 1724224976,
        "narHash": "sha256-Z/ELQhrSd7bMzTO8r7NZgi9g5emh+aRKoCdaAv5fiO0=",
        "owner": "NixOS",
        "repo": "nixpkgs",
        "rev": "c374d94f1536013ca8e92341b540eba4c22f9c62",
        "type": "github"
      },
      "original": {
        "owner": "NixOS",
        "ref": "nixos-unstable",
        "repo": "nixpkgs",
        "type": "github"
      }
    },
    "nixpkgs_2": {
      "locked": {
        "lastModified": 1741010256,
        "narHash": "sha256-WZNlK/KX7Sni0RyqLSqLPbK8k08Kq7H7RijPJbq9KHM=",
        "owner": "nixos",
        "repo": "nixpkgs",
        "rev": "ba487dbc9d04e0634c64e3b1f0d25839a0a68246",
        "type": "github"
      },
      "original": {
        "owner": "nixos",
        "ref": "nixos-unstable",
        "repo": "nixpkgs",
        "type": "github"
      }
    },
    "nixpkgs_3": {
      "locked": {
        "lastModified": 1740019556,
        "narHash": "sha256-vn285HxnnlHLWnv59Og7muqECNMS33mWLM14soFIv2g=",
        "owner": "NixOS",
        "repo": "nixpkgs",
        "rev": "dad564433178067be1fbdfcce23b546254b6d641",
        "type": "github"
      },
      "original": {
        "owner": "NixOS",
        "ref": "nixpkgs-unstable",
        "repo": "nixpkgs",
        "type": "github"
      }
    },
    "nixpkgs_4": {
      "locked": {
        "lastModified": 1736320768,
        "narHash": "sha256-nIYdTAiKIGnFNugbomgBJR+Xv5F1ZQU+HfaBqJKroC0=",
        "owner": "NixOS",
        "repo": "nixpkgs",
        "rev": "4bc9c909d9ac828a039f288cf872d16d38185db8",
        "type": "github"
      },
      "original": {
        "owner": "NixOS",
        "ref": "nixpkgs-unstable",
        "repo": "nixpkgs",
        "type": "github"
      }
    },
    "root": {
      "inputs": {
        "cs4600": "cs4600",
        "dino-game": "dino-game",
        "flake-utils": "flake-utils",
        "game-of-life": "game-of-life",
        "homepage": "homepage",
        "http": "http",
        "moomin-orb": "moomin-orb"
      }
    },
    "rust": {
      "inputs": {
        "flake-utils": "flake-utils_3",
        "nixpkgs": "nixpkgs_3",
        "rust-overlay": "rust-overlay_2"
      },
      "locked": {
        "lastModified": 1740102109,
        "narHash": "sha256-xZnYCQqLIErAoTeyTKacM5qqLi9aAJp4emSfSU0hN+I=",
        "ref": "refs/heads/master",
        "rev": "c515089c23b36ef9030827db37e2d38bbd0b3f78",
        "revCount": 2,
        "type": "git",
        "url": "https://git.irlqt.net/crow/rust-flake.git"
      },
      "original": {
        "type": "git",
        "url": "https://git.irlqt.net/crow/rust-flake.git"
      }
    },
    "rust-overlay": {
      "inputs": {
        "nixpkgs": [
          "game-of-life",
          "nixpkgs"
        ]
      },
      "locked": {
        "lastModified": 1724466314,
        "narHash": "sha256-ltKuK6shQ64uej1mYNtBsDYxttUNFiv9AcHqk0+0NQM=",
        "owner": "oxalica",
        "repo": "rust-overlay",
        "rev": "2b5b3edd96ef336b00622dcabc13788fdef9e3ca",
        "type": "github"
      },
      "original": {
        "owner": "oxalica",
        "repo": "rust-overlay",
        "type": "github"
      }
    },
    "rust-overlay_2": {
      "inputs": {
        "nixpkgs": "nixpkgs_4"
      },
      "locked": {
        "lastModified": 1740074384,
        "narHash": "sha256-T2eO9ognlph94/TyAu1uILo38fZG1G4S5FQxG+YBDv0=",
        "owner": "oxalica",
        "repo": "rust-overlay",
        "rev": "d291a120b6524911249b198baf3ec3e07ff57e04",
        "type": "github"
      },
      "original": {
        "owner": "oxalica",
        "repo": "rust-overlay",
        "type": "github"
      }
    },
    "systems": {
      "locked": {
        "lastModified": 1681028828,
        "narHash": "sha256-Vy1rq5AaRuLzOxct8nz4T6wlgyUR7zLU309k9mBC768=",
        "owner": "nix-systems",
        "repo": "default",
        "rev": "da67096a3b9bf56a91d16901293e51ba5b49a27e",
        "type": "github"
      },
      "original": {
        "owner": "nix-systems",
        "repo": "default",
        "type": "github"
      }
    },
    "systems_2": {
      "locked": {
        "lastModified": 1681028828,
        "narHash": "sha256-Vy1rq5AaRuLzOxct8nz4T6wlgyUR7zLU309k9mBC768=",
        "owner": "nix-systems",
        "repo": "default",
        "rev": "da67096a3b9bf56a91d16901293e51ba5b49a27e",
        "type": "github"
      },
      "original": {
        "owner": "nix-systems",
        "repo": "default",
        "type": "github"
      }
    },
    "systems_3": {
      "locked": {
        "lastModified": 1681028828,
        "narHash": "sha256-Vy1rq5AaRuLzOxct8nz4T6wlgyUR7zLU309k9mBC768=",
        "owner": "nix-systems",
        "repo": "default",
        "rev": "da67096a3b9bf56a91d16901293e51ba5b49a27e",
        "type": "github"
      },
      "original": {
        "owner": "nix-systems",
        "repo": "default",
        "type": "github"
      }
    },
    "systems_4": {
      "locked": {
        "lastModified": 1681028828,
        "narHash": "sha256-Vy1rq5AaRuLzOxct8nz4T6wlgyUR7zLU309k9mBC768=",
        "owner": "nix-systems",
        "repo": "default",
        "rev": "da67096a3b9bf56a91d16901293e51ba5b49a27e",
        "type": "github"
      },
      "original": {
        "owner": "nix-systems",
        "repo": "default",
        "type": "github"
      }
    },
    "utils": {
      "inputs": {
        "systems": "systems_4"
      },
      "locked": {
        "lastModified": 1731533236,
        "narHash": "sha256-l0KFg5HjrsfsO/JpG+r7fRrqm12kzFHyUHqHCVpMMbI=",
        "owner": "numtide",
        "repo": "flake-utils",
        "rev": "11707dc2f618dd54ca8739b309ec4fc024de578b",
        "type": "github"
      },
      "original": {
        "owner": "numtide",
        "repo": "flake-utils",
        "type": "github"
      }
    }
  },
  "root": "root",
  "version": 7
}
