{
  "nodes": {
    "homepage": {
      "locked": {
        "lastModified": 1715287650,
        "narHash": "sha256-VcK+70+wJTlAmtD04dxR471P4tz1tsMkHaj+kHodijo=",
        "ref": "refs/heads/master",
        "rev": "06bbd709c9b2d2f4690833a506f7b825e348ca4e",
        "revCount": 160,
        "type": "git",
        "url": "file:///var/www/xvrqt"
      },
      "original": {
        "type": "git",
        "url": "file:///var/www/xvrqt"
      }
    },
    "root": {
      "inputs": {
        "homepage": "homepage"
      }
    }
  },
  "root": "root",
  "version": 7
}
